{
  "version": 4,
  "terraform_version": "1.1.6",
  "serial": 16,
  "lineage": "0f550971-220b-2979-e8a4-22ed30e93496",
  "outputs": {},
  "resources": [
    {
      "mode": "managed",
      "type": "google_compute_firewall",
      "name": "ib_trading_net_allow_internal",
      "provider": "provider[\"registry.terraform.io/hashicorp/google-beta\"]",
      "instances": [
        {
          "schema_version": 1,
          "attributes": {
            "allow": [
              {
                "ports": [],
                "protocol": "all"
              }
            ],
            "creation_timestamp": "2022-11-18T08:06:09.900-08:00",
            "deny": [],
            "description": "",
            "destination_ranges": [],
            "direction": "INGRESS",
            "disabled": false,
            "enable_logging": null,
            "id": "projects/api-project-786272790820/global/firewalls/ib-trading-net-allow-internal",
            "log_config": [],
            "name": "ib-trading-net-allow-internal",
            "network": "https://www.googleapis.com/compute/v1/projects/api-project-786272790820/global/networks/ib-trading-net",
            "priority": 1000,
            "project": "api-project-786272790820",
            "self_link": "https://www.googleapis.com/compute/v1/projects/api-project-786272790820/global/firewalls/ib-trading-net-allow-internal",
            "source_ranges": [
              "10.172.0.0/20"
            ],
            "source_service_accounts": null,
            "source_tags": null,
            "target_service_accounts": null,
            "target_tags": null,
            "timeouts": null
          },
          "sensitive_attributes": [],
          "private": "eyJlMmJmYjczMC1lY2FhLTExZTYtOGY4OC0zNDM2M2JjN2M0YzAiOnsiY3JlYXRlIjoxMjAwMDAwMDAwMDAwLCJkZWxldGUiOjEyMDAwMDAwMDAwMDAsInVwZGF0ZSI6MTIwMDAwMDAwMDAwMH0sInNjaGVtYV92ZXJzaW9uIjoiMSJ9",
          "dependencies": [
            "google_compute_network.ib_trading_net"
          ]
        }
      ]
    },
    {
      "mode": "managed",
      "type": "google_compute_firewall",
      "name": "ib_trading_net_allow_ssh_bastion_host",
      "provider": "provider[\"registry.terraform.io/hashicorp/google-beta\"]",
      "instances": [
        {
          "schema_version": 1,
          "attributes": {
            "allow": [
              {
                "ports": [
                  "22"
                ],
                "protocol": "TCP"
              }
            ],
            "creation_timestamp": "2022-11-18T08:06:09.940-08:00",
            "deny": [],
            "description": "",
            "destination_ranges": [],
            "direction": "INGRESS",
            "disabled": false,
            "enable_logging": null,
            "id": "projects/api-project-786272790820/global/firewalls/ib-trading-net-allow-ssh-bastion-host",
            "log_config": [],
            "name": "ib-trading-net-allow-ssh-bastion-host",
            "network": "https://www.googleapis.com/compute/v1/projects/api-project-786272790820/global/networks/ib-trading-net",
            "priority": 1000,
            "project": "api-project-786272790820",
            "self_link": "https://www.googleapis.com/compute/v1/projects/api-project-786272790820/global/firewalls/ib-trading-net-allow-ssh-bastion-host",
            "source_ranges": [
              "0.0.0.0/0"
            ],
            "source_service_accounts": null,
            "source_tags": null,
            "target_service_accounts": null,
            "target_tags": [
              "bastion-host"
            ],
            "timeouts": null
          },
          "sensitive_attributes": [],
          "private": "eyJlMmJmYjczMC1lY2FhLTExZTYtOGY4OC0zNDM2M2JjN2M0YzAiOnsiY3JlYXRlIjoxMjAwMDAwMDAwMDAwLCJkZWxldGUiOjEyMDAwMDAwMDAwMDAsInVwZGF0ZSI6MTIwMDAwMDAwMDAwMH0sInNjaGVtYV92ZXJzaW9uIjoiMSJ9",
          "dependencies": [
            "google_compute_network.ib_trading_net"
          ]
        }
      ]
    },
    {
      "mode": "managed",
      "type": "google_compute_instance",
      "name": "bastion_host",
      "provider": "provider[\"registry.terraform.io/hashicorp/google-beta\"]",
      "instances": [
        {
          "schema_version": 6,
          "attributes": {
            "advanced_machine_features": [],
            "allow_stopping_for_update": null,
            "attached_disk": [],
            "boot_disk": [
              {
                "auto_delete": true,
                "device_name": "persistent-disk-0",
                "disk_encryption_key_raw": "",
                "disk_encryption_key_sha256": "",
                "initialize_params": [
                  {
                    "image": "https://www.googleapis.com/compute/beta/projects/debian-cloud/global/images/debian-11-bullseye-v20221102",
                    "labels": {},
                    "size": 10,
                    "type": "pd-standard"
                  }
                ],
                "kms_key_self_link": "",
                "mode": "READ_WRITE",
                "source": "https://www.googleapis.com/compute/v1/projects/api-project-786272790820/zones/europe-southwest1-a/disks/bastion-host"
              }
            ],
            "can_ip_forward": false,
            "confidential_instance_config": [],
            "cpu_platform": "Intel Broadwell",
            "current_status": "RUNNING",
            "deletion_protection": false,
            "description": "",
            "desired_status": null,
            "enable_display": false,
            "guest_accelerator": [],
            "hostname": "",
            "id": "projects/api-project-786272790820/zones/europe-southwest1-a/instances/bastion-host",
            "instance_id": "5058975112797754742",
            "label_fingerprint": "42WmSpB8rSM=",
            "labels": {},
            "machine_type": "e2-small",
            "metadata": {
              "startup-script": "#!/bin/bash\r\nsudo apt-get -y install kubectl git\r\ngcloud container clusters get-credentials ib-trading --zone europe-southwest1-a --internal-ip\r\n\r\n"
            },
            "metadata_fingerprint": "p6xzt09rWwY=",
            "metadata_startup_script": null,
            "min_cpu_platform": "",
            "name": "bastion-host",
            "network_interface": [
              {
                "access_config": [],
                "alias_ip_range": [],
                "ipv6_access_config": [],
                "ipv6_access_type": "",
                "name": "nic0",
                "network": "https://www.googleapis.com/compute/v1/projects/api-project-786272790820/global/networks/ib-trading-net",
                "network_ip": "10.172.0.2",
                "nic_type": "",
                "queue_count": 0,
                "stack_type": "IPV4_ONLY",
                "subnetwork": "https://www.googleapis.com/compute/v1/projects/api-project-786272790820/regions/europe-southwest1/subnetworks/ib-trading-subnet",
                "subnetwork_project": "api-project-786272790820"
              }
            ],
            "network_performance_config": [],
            "project": "api-project-786272790820",
            "reservation_affinity": [],
            "resource_policies": [],
            "scheduling": [
              {
                "automatic_restart": true,
                "instance_termination_action": "",
                "min_node_cpus": 0,
                "node_affinities": [],
                "on_host_maintenance": "MIGRATE",
                "preemptible": false,
                "provisioning_model": "STANDARD"
              }
            ],
            "scratch_disk": [],
            "self_link": "https://www.googleapis.com/compute/v1/projects/api-project-786272790820/zones/europe-southwest1-a/instances/bastion-host",
            "service_account": [
              {
                "email": "786272790820-compute@developer.gserviceaccount.com",
                "scopes": [
                  "https://www.googleapis.com/auth/cloud-platform",
                  "https://www.googleapis.com/auth/devstorage.read_only",
                  "https://www.googleapis.com/auth/servicecontrol",
                  "https://www.googleapis.com/auth/source.read_only"
                ]
              }
            ],
            "shielded_instance_config": [
              {
                "enable_integrity_monitoring": true,
                "enable_secure_boot": false,
                "enable_vtpm": true
              }
            ],
            "tags": [
              "bastion-host"
            ],
            "tags_fingerprint": "GyIn7u6LJ5Y=",
            "timeouts": null,
            "zone": "europe-southwest1-a"
          },
          "sensitive_attributes": [],
          "private": "eyJlMmJmYjczMC1lY2FhLTExZTYtOGY4OC0zNDM2M2JjN2M0YzAiOnsiY3JlYXRlIjoxMjAwMDAwMDAwMDAwLCJkZWxldGUiOjEyMDAwMDAwMDAwMDAsInVwZGF0ZSI6MTIwMDAwMDAwMDAwMH0sInNjaGVtYV92ZXJzaW9uIjoiNiJ9",
          "dependencies": [
            "google_compute_network.ib_trading_net",
            "google_compute_subnetwork.ib_trading_subnet"
          ]
        }
      ]
    },
    {
      "mode": "managed",
      "type": "google_compute_network",
      "name": "ib_trading_net",
      "provider": "provider[\"registry.terraform.io/hashicorp/google-beta\"]",
      "instances": [
        {
          "schema_version": 0,
          "attributes": {
            "auto_create_subnetworks": false,
            "delete_default_routes_on_create": false,
            "description": "",
            "enable_ula_internal_ipv6": false,
            "gateway_ipv4": "",
            "id": "projects/api-project-786272790820/global/networks/ib-trading-net",
            "internal_ipv6_range": "",
            "mtu": 0,
            "name": "ib-trading-net",
            "project": "api-project-786272790820",
            "routing_mode": "REGIONAL",
            "self_link": "https://www.googleapis.com/compute/v1/projects/api-project-786272790820/global/networks/ib-trading-net",
            "timeouts": null
          },
          "sensitive_attributes": [],
          "private": "eyJlMmJmYjczMC1lY2FhLTExZTYtOGY4OC0zNDM2M2JjN2M0YzAiOnsiY3JlYXRlIjoxMjAwMDAwMDAwMDAwLCJkZWxldGUiOjEyMDAwMDAwMDAwMDAsInVwZGF0ZSI6MTIwMDAwMDAwMDAwMH19"
        }
      ]
    },
    {
      "mode": "managed",
      "type": "google_compute_router",
      "name": "nat_router",
      "provider": "provider[\"registry.terraform.io/hashicorp/google-beta\"]",
      "instances": [
        {
          "schema_version": 0,
          "attributes": {
            "bgp": [],
            "creation_timestamp": "2022-11-18T07:57:54.194-08:00",
            "description": "",
            "encrypted_interconnect_router": false,
            "id": "projects/api-project-786272790820/regions/europe-southwest1/routers/nat-router",
            "name": "nat-router",
            "network": "https://www.googleapis.com/compute/v1/projects/api-project-786272790820/global/networks/ib-trading-net",
            "project": "api-project-786272790820",
            "region": "europe-southwest1",
            "self_link": "https://www.googleapis.com/compute/v1/projects/api-project-786272790820/regions/europe-southwest1/routers/nat-router",
            "timeouts": null
          },
          "sensitive_attributes": [],
          "private": "eyJlMmJmYjczMC1lY2FhLTExZTYtOGY4OC0zNDM2M2JjN2M0YzAiOnsiY3JlYXRlIjoxMjAwMDAwMDAwMDAwLCJkZWxldGUiOjEyMDAwMDAwMDAwMDAsInVwZGF0ZSI6MTIwMDAwMDAwMDAwMH19",
          "dependencies": [
            "google_compute_network.ib_trading_net"
          ]
        }
      ]
    },
    {
      "mode": "managed",
      "type": "google_compute_router_nat",
      "name": "nat_config",
      "provider": "provider[\"registry.terraform.io/hashicorp/google\"]",
      "instances": [
        {
          "schema_version": 0,
          "attributes": {
            "drain_nat_ips": [],
            "enable_endpoint_independent_mapping": true,
            "icmp_idle_timeout_sec": 30,
            "id": "api-project-786272790820/europe-southwest1/nat-router/nat-config",
            "log_config": [
              {
                "enable": true,
                "filter": "ALL"
              }
            ],
            "min_ports_per_vm": 0,
            "name": "nat-config",
            "nat_ip_allocate_option": "AUTO_ONLY",
            "nat_ips": [],
            "project": "api-project-786272790820",
            "region": "europe-southwest1",
            "router": "nat-router",
            "source_subnetwork_ip_ranges_to_nat": "ALL_SUBNETWORKS_ALL_IP_RANGES",
            "subnetwork": [],
            "tcp_established_idle_timeout_sec": 1200,
            "tcp_transitory_idle_timeout_sec": 30,
            "timeouts": null,
            "udp_idle_timeout_sec": 30
          },
          "sensitive_attributes": [],
          "private": "eyJlMmJmYjczMC1lY2FhLTExZTYtOGY4OC0zNDM2M2JjN2M0YzAiOnsiY3JlYXRlIjo2MDAwMDAwMDAwMDAsImRlbGV0ZSI6NjAwMDAwMDAwMDAwLCJ1cGRhdGUiOjYwMDAwMDAwMDAwMH19",
          "dependencies": [
            "google_compute_network.ib_trading_net",
            "google_compute_router.nat_router"
          ]
        }
      ]
    },
    {
      "mode": "managed",
      "type": "google_compute_subnetwork",
      "name": "ib_trading_subnet",
      "provider": "provider[\"registry.terraform.io/hashicorp/google-beta\"]",
      "instances": [
        {
          "schema_version": 0,
          "attributes": {
            "creation_timestamp": "2022-11-18T07:57:55.276-08:00",
            "description": "",
            "external_ipv6_prefix": "",
            "fingerprint": null,
            "gateway_address": "10.172.0.1",
            "id": "projects/api-project-786272790820/regions/europe-southwest1/subnetworks/ib-trading-subnet",
            "ip_cidr_range": "10.172.0.0/20",
            "ipv6_access_type": "",
            "ipv6_cidr_range": "",
            "log_config": [],
            "name": "ib-trading-subnet",
            "network": "https://www.googleapis.com/compute/v1/projects/api-project-786272790820/global/networks/ib-trading-net",
            "private_ip_google_access": true,
            "private_ipv6_google_access": "DISABLE_GOOGLE_ACCESS",
            "project": "api-project-786272790820",
            "purpose": "PRIVATE",
            "region": "europe-southwest1",
            "role": "",
            "secondary_ip_range": [
              {
                "ip_cidr_range": "10.248.0.0/14",
                "range_name": "gke-ib-trading-pods-145daaa9"
              },
              {
                "ip_cidr_range": "10.252.0.0/20",
                "range_name": "gke-ib-trading-services-145daaa9"
              }
            ],
            "self_link": "https://www.googleapis.com/compute/v1/projects/api-project-786272790820/regions/europe-southwest1/subnetworks/ib-trading-subnet",
            "stack_type": "IPV4_ONLY",
            "timeouts": null
          },
          "sensitive_attributes": [],
          "private": "eyJlMmJmYjczMC1lY2FhLTExZTYtOGY4OC0zNDM2M2JjN2M0YzAiOnsiY3JlYXRlIjoxMjAwMDAwMDAwMDAwLCJkZWxldGUiOjEyMDAwMDAwMDAwMDAsInVwZGF0ZSI6MTIwMDAwMDAwMDAwMH19",
          "dependencies": [
            "google_compute_network.ib_trading_net"
          ]
        }
      ]
    },
    {
      "mode": "managed",
      "type": "google_container_cluster",
      "name": "ib_trading",
      "provider": "provider[\"registry.terraform.io/hashicorp/google-beta\"]",
      "instances": [
        {
          "schema_version": 1,
          "attributes": {
            "addons_config": [
              {
                "cloudrun_config": [],
                "config_connector_config": [],
                "dns_cache_config": [],
                "gce_persistent_disk_csi_driver_config": [
                  {
                    "enabled": true
                  }
                ],
                "gcp_filestore_csi_driver_config": [],
                "gke_backup_agent_config": [],
                "horizontal_pod_autoscaling": [],
                "http_load_balancing": [],
                "istio_config": [],
                "kalm_config": [],
                "network_policy_config": [
                  {
                    "disabled": true
                  }
                ]
              }
            ],
            "authenticator_groups_config": [],
            "binary_authorization": [
              {
                "enabled": false,
                "evaluation_mode": ""
              }
            ],
            "cluster_autoscaling": [
              {
                "auto_provisioning_defaults": [],
                "autoscaling_profile": "BALANCED",
                "enabled": false,
                "resource_limits": []
              }
            ],
            "cluster_ipv4_cidr": "10.248.0.0/14",
            "cluster_telemetry": [
              {
                "type": "ENABLED"
              }
            ],
            "confidential_nodes": [],
            "cost_management_config": [],
            "database_encryption": [
              {
                "key_name": "",
                "state": "DECRYPTED"
              }
            ],
            "datapath_provider": "",
            "default_max_pods_per_node": 110,
            "default_snat_status": [
              {
                "disabled": false
              }
            ],
            "description": "",
            "dns_config": [],
            "enable_autopilot": false,
            "enable_binary_authorization": false,
            "enable_intranode_visibility": false,
            "enable_kubernetes_alpha": false,
            "enable_l4_ilb_subsetting": false,
            "enable_legacy_abac": false,
            "enable_shielded_nodes": true,
            "enable_tpu": false,
            "endpoint": "172.16.0.2",
            "id": "projects/api-project-786272790820/locations/europe-southwest1-a/clusters/ib-trading",
            "identity_service_config": [],
            "initial_node_count": 0,
            "ip_allocation_policy": [
              {
                "cluster_ipv4_cidr_block": "10.248.0.0/14",
                "cluster_secondary_range_name": "gke-ib-trading-pods-145daaa9",
                "services_ipv4_cidr_block": "10.252.0.0/20",
                "services_secondary_range_name": "gke-ib-trading-services-145daaa9"
              }
            ],
            "label_fingerprint": "a9dc16a7",
            "location": "europe-southwest1-a",
            "logging_config": [
              {
                "enable_components": [
                  "SYSTEM_COMPONENTS",
                  "WORKLOADS"
                ]
              }
            ],
            "logging_service": "logging.googleapis.com/kubernetes",
            "maintenance_policy": [],
            "master_auth": [
              {
                "client_certificate": "",
                "client_certificate_config": [
                  {
                    "issue_client_certificate": false
                  }
                ],
                "client_key": "",
                "cluster_ca_certificate": "LS0tLS1CRUdJTiBDRVJUSUZJQ0FURS0tLS0tCk1JSUVMVENDQXBXZ0F3SUJBZ0lSQU1PUG14NFl5R2tDR2VScVd6Y3V3eGd3RFFZSktvWklodmNOQVFFTEJRQXcKTHpFdE1Dc0dBMVVFQXhNa056ZGtPRE0yWWpRdE56VmlOaTAwWVdWakxUZzNObUl0Wm1JNE9HSTRPR0k0WlRZeApNQ0FYRFRJeU1URXhPREUwTlRneE4xb1lEekl3TlRJeE1URXdNVFUxT0RFM1dqQXZNUzB3S3dZRFZRUURFeVEzCk4yUTRNelppTkMwM05XSTJMVFJoWldNdE9EYzJZaTFtWWpnNFlqZzRZamhsTmpFd2dnR2lNQTBHQ1NxR1NJYjMKRFFFQkFRVUFBNElCandBd2dnR0tBb0lCZ1FEYkFBcUdlSHVMaUsyaWlwTUZqQjY5SzFPUDR6ZWowaklEamhKTgozeDRDbVF1NXZjWlhzZWdQdFFid2FBeHd5UnlIUExTbHdTNG9nRzlBWml5TFFtUDJMcXpXVEx3Q1lOZys4dCszCmRIRElhaHpTVWYrbk5ZSHlOQXdqN3NueUJrbEdBMzE3c3hFb0FucGF3WkdlUjhVVGZ4d1pCdnJhdDFmVlVURjMKZjFraFFvS05lSmJMcDY2dXgwT0pweHgrZTZVSVBtMUJkR2tYUGtHYmkvR0hqQVpRWXpwOVM2T3poYnRKeVpJbgpMZ0YvRE42aFpyTG5Bb3lmY2t5TlBkT2gwa1JhZ0xNMmtJZmEzQnJuQ3VidklOK1lSd0YwZUd1QlZHMXFESGphClNuL2NaQm1aKys0eHhKamdxQzhqb1c1cFUvaDMrNGpTMTl4cExwbDdHL1Z2TEU2NzkrRDJNcU5FaThLZWh5Rm0KTWR0bFF4SkRUR2VuU25nS29Cb0tpeWFPZUVKeWNVLzE1ampaa0dlYTd5RHNKc1Ard0RaUmdHbi9VeXF4S1ovVQp5ZnczdWQ3L2Z3RVE1VkFOanhtT3NNd3NlVDB0eXkxTUlsS2x0dzFjc29aenYvczdycGNGRFFYemlQWkEyc2pCCmE1MWEwUVN1YWxkanhnU21MN3RMWXZDa0dzY0NBd0VBQWFOQ01FQXdEZ1lEVlIwUEFRSC9CQVFEQWdJRU1BOEcKQTFVZEV3RUIvd1FGTUFNQkFmOHdIUVlEVlIwT0JCWUVGTGpTaDQ2MWZGTGo4WlZ5RjVVaWdmQ2cyZXdITUEwRwpDU3FHU0liM0RRRUJDd1VBQTRJQmdRQkpVRHVudzYrQTAxQXdQN0lrckcwdXZ1elZCMG9vNFBMQXhDMlZURkdCCmVxK29lVHR2QVRwS29qSGFNQnR3VjVQMnhVcjROS3Q0V1JMQjk3eTgveHdHSWR3dWUwZ3lUVnZJK0tvWHFmV0sKSndBODdCQjlJVUh5Qy9rUE56a0g0Y2FjbFdIb3NPbE14SnJQSUdueW1pbzB1bDBTdXRwUVRBTGtoM3NzZFNFQgpISmMxVW44cEJnQ09hV1U2RHFlY1dUSTBjV1N2V2tJNjd2RmpqL3N1d09rc2EwTWthTEpUa3ZYKzJoS1luWHVoClVwY3JwaUpJeTdVdUtFODVqUjNQOUIxeVFhUmxqM2R5QmI2THU3UU15dFVEa3hGU0NYbG9KYUg0NUxqRVZybTgKcXlsMy8zeE1LUTJXUHBSYXhBZE5qaGFZYVZ0OUlud1dEcmlscmhNTzQ5dFJPemZLS25pVWpvcHdFS3hIaExZSwp1QzVQMmJTTisvWHl2VTVwRnhrb1BKTzhyNjg0QWFIOGRwSWRMaXVvLzBZdm56TmJrQlVkTmN3UlJ4aXZpMkJRCjJhUytYNXE3N3d0dG9FK2xkUFllWGZhM2xtL1MvUVZ4K2Foc0FWYVdVWmpFMTJ2eGVST0FpbGc3S1AwRTdrdmMKS003c3dVWmxhYzFmclJMQWRzemNUS0U9Ci0tLS0tRU5EIENFUlRJRklDQVRFLS0tLS0K"
              }
            ],
            "master_authorized_networks_config": [
              {
                "cidr_blocks": []
              }
            ],
            "master_version": "1.24.6-gke.1500",
            "mesh_certificates": [],
            "min_master_version": "latest",
            "monitoring_config": [
              {
                "enable_components": [
                  "SYSTEM_COMPONENTS"
                ],
                "managed_prometheus": []
              }
            ],
            "monitoring_service": "monitoring.googleapis.com/kubernetes",
            "name": "ib-trading",
            "network": "projects/api-project-786272790820/global/networks/ib-trading-net",
            "network_policy": [
              {
                "enabled": false,
                "provider": "PROVIDER_UNSPECIFIED"
              }
            ],
            "networking_mode": "VPC_NATIVE",
            "node_config": [
              {
                "boot_disk_kms_key": "",
                "disk_size_gb": 10,
                "disk_type": "pd-balanced",
                "ephemeral_storage_config": [],
                "gcfs_config": [],
                "guest_accelerator": [],
                "gvnic": [],
                "image_type": "COS_CONTAINERD",
                "kubelet_config": [],
                "labels": {},
                "linux_node_config": [],
                "local_ssd_count": 0,
                "machine_type": "e2-small",
                "metadata": {
                  "disable-legacy-endpoints": "true"
                },
                "min_cpu_platform": "",
                "node_group": "",
                "oauth_scopes": [
                  "https://www.googleapis.com/auth/compute",
                  "https://www.googleapis.com/auth/devstorage.read_only",
                  "https://www.googleapis.com/auth/logging.write",
                  "https://www.googleapis.com/auth/monitoring"
                ],
                "preemptible": false,
                "reservation_affinity": [],
                "sandbox_config": [],
                "service_account": "default",
                "shielded_instance_config": [
                  {
                    "enable_integrity_monitoring": true,
                    "enable_secure_boot": false
                  }
                ],
                "spot": false,
                "tags": [
                  "ib-trading-node"
                ],
                "taint": [],
                "workload_metadata_config": []
              }
            ],
            "node_locations": [],
            "node_pool": [
              {
                "autoscaling": [],
                "initial_node_count": 1,
                "instance_group_urls": [
                  "https://www.googleapis.com/compute/v1/projects/api-project-786272790820/zones/europe-southwest1-a/instanceGroupManagers/gke-ib-trading-default-pool-bc85ac80-grp"
                ],
                "managed_instance_group_urls": [
                  "https://www.googleapis.com/compute/beta/projects/api-project-786272790820/zones/europe-southwest1-a/instanceGroups/gke-ib-trading-default-pool-bc85ac80-grp"
                ],
                "management": [
                  {
                    "auto_repair": true,
                    "auto_upgrade": true
                  }
                ],
                "max_pods_per_node": 110,
                "name": "default-pool",
                "name_prefix": "",
                "network_config": [
                  {
                    "create_pod_range": false,
                    "pod_ipv4_cidr_block": "10.248.0.0/14",
                    "pod_range": "gke-ib-trading-pods-145daaa9"
                  }
                ],
                "node_config": [
                  {
                    "boot_disk_kms_key": "",
                    "disk_size_gb": 10,
                    "disk_type": "pd-balanced",
                    "ephemeral_storage_config": [],
                    "gcfs_config": [],
                    "guest_accelerator": [],
                    "gvnic": [],
                    "image_type": "COS_CONTAINERD",
                    "kubelet_config": [],
                    "labels": {},
                    "linux_node_config": [],
                    "local_ssd_count": 0,
                    "machine_type": "e2-small",
                    "metadata": {
                      "disable-legacy-endpoints": "true"
                    },
                    "min_cpu_platform": "",
                    "node_group": "",
                    "oauth_scopes": [
                      "https://www.googleapis.com/auth/compute",
                      "https://www.googleapis.com/auth/devstorage.read_only",
                      "https://www.googleapis.com/auth/logging.write",
                      "https://www.googleapis.com/auth/monitoring"
                    ],
                    "preemptible": false,
                    "reservation_affinity": [],
                    "sandbox_config": [],
                    "service_account": "default",
                    "shielded_instance_config": [
                      {
                        "enable_integrity_monitoring": true,
                        "enable_secure_boot": false
                      }
                    ],
                    "spot": false,
                    "tags": [
                      "ib-trading-node"
                    ],
                    "taint": [],
                    "workload_metadata_config": []
                  }
                ],
                "node_count": 1,
                "node_locations": [
                  "europe-southwest1-a"
                ],
                "placement_policy": [],
                "upgrade_settings": [
                  {
                    "max_surge": 1,
                    "max_unavailable": 0
                  }
                ],
                "version": "1.24.6-gke.1500"
              }
            ],
            "node_pool_auto_config": [
              {
                "network_tags": []
              }
            ],
            "node_pool_defaults": [
              {
                "node_config_defaults": []
              }
            ],
            "node_version": "1.24.6-gke.1500",
            "notification_config": [
              {
                "pubsub": [
                  {
                    "enabled": false,
                    "filter": [],
                    "topic": ""
                  }
                ]
              }
            ],
            "operation": null,
            "pod_security_policy_config": [
              {
                "enabled": false
              }
            ],
            "private_cluster_config": [
              {
                "enable_private_endpoint": true,
                "enable_private_nodes": true,
                "master_global_access_config": [
                  {
                    "enabled": false
                  }
                ],
                "master_ipv4_cidr_block": "172.16.0.0/28",
                "peering_name": "gke-nf7aacbea711a0be81b6-848a-8fb8-peer",
                "private_endpoint": "172.16.0.2",
                "public_endpoint": "34.175.251.233"
              }
            ],
            "private_ipv6_google_access": "",
            "project": "api-project-786272790820",
            "release_channel": [
              {
                "channel": "UNSPECIFIED"
              }
            ],
            "remove_default_node_pool": null,
            "resource_labels": {},
            "resource_usage_export_config": [],
            "self_link": "https://container.googleapis.com/v1beta1/projects/api-project-786272790820/zones/europe-southwest1-a/clusters/ib-trading",
            "service_external_ips_config": [
              {
                "enabled": false
              }
            ],
            "services_ipv4_cidr": "10.252.0.0/20",
            "subnetwork": "projects/api-project-786272790820/regions/europe-southwest1/subnetworks/ib-trading-subnet",
            "timeouts": null,
            "tpu_config": [],
            "tpu_ipv4_cidr_block": "",
            "vertical_pod_autoscaling": [],
            "workload_identity_config": []
          },
          "sensitive_attributes": [],
          "private": "eyJlMmJmYjczMC1lY2FhLTExZTYtOGY4OC0zNDM2M2JjN2M0YzAiOnsiY3JlYXRlIjoyNDAwMDAwMDAwMDAwLCJkZWxldGUiOjI0MDAwMDAwMDAwMDAsInJlYWQiOjI0MDAwMDAwMDAwMDAsInVwZGF0ZSI6MzYwMDAwMDAwMDAwMH0sInNjaGVtYV92ZXJzaW9uIjoiMSJ9",
          "dependencies": [
            "google_compute_network.ib_trading_net",
            "google_compute_subnetwork.ib_trading_subnet"
          ]
        }
      ]
    }
  ]
}
